// !$*UTF8*$!
{
	archiveVersion = 1;
	classes = {
	};
	objectVersion = 50;
	objects = {

/* Begin PBXBuildFile section */
		193E7C0A2110E44C00456BDE /* KeyboardView.swift in Sources */ = {isa = PBXBuildFile; fileRef = 193E7C092110E44C00456BDE /* KeyboardView.swift */; };
		D61E9E2320F8ABB0001F5834 /* CircleViewController.swift in Sources */ = {isa = PBXBuildFile; fileRef = D61E9E2220F8ABB0001F5834 /* CircleViewController.swift */; };
		D61E9E2620F91BCD001F5834 /* Chord.swift in Sources */ = {isa = PBXBuildFile; fileRef = D61E9E2520F91BCD001F5834 /* Chord.swift */; };
		D61E9E2920F91EA9001F5834 /* ChordsManager.swift in Sources */ = {isa = PBXBuildFile; fileRef = D61E9E2820F91EA9001F5834 /* ChordsManager.swift */; };
		D693D8BB20F4952E00AFC5BD /* AppDelegate.swift in Sources */ = {isa = PBXBuildFile; fileRef = D693D8BA20F4952E00AFC5BD /* AppDelegate.swift */; };
		D693D8BD20F4952E00AFC5BD /* AddSongViewController.swift in Sources */ = {isa = PBXBuildFile; fileRef = D693D8BC20F4952E00AFC5BD /* AddSongViewController.swift */; };
		D693D8C020F4952E00AFC5BD /* Main.storyboard in Resources */ = {isa = PBXBuildFile; fileRef = D693D8BE20F4952E00AFC5BD /* Main.storyboard */; };
		D693D8C320F4952E00AFC5BD /* PanSongs.xcdatamodeld in Sources */ = {isa = PBXBuildFile; fileRef = D693D8C120F4952E00AFC5BD /* PanSongs.xcdatamodeld */; };
		D693D8C520F4952F00AFC5BD /* Assets.xcassets in Resources */ = {isa = PBXBuildFile; fileRef = D693D8C420F4952F00AFC5BD /* Assets.xcassets */; };
		D693D8C820F4952F00AFC5BD /* LaunchScreen.storyboard in Resources */ = {isa = PBXBuildFile; fileRef = D693D8C620F4952F00AFC5BD /* LaunchScreen.storyboard */; };
		ED0773DE210A4035008BEFFE /* ChordCollectionViewCell.swift in Sources */ = {isa = PBXBuildFile; fileRef = ED0773DD210A4035008BEFFE /* ChordCollectionViewCell.swift */; };
		ED408E5E211080290029C867 /* KeyChordTableViewCell.swift in Sources */ = {isa = PBXBuildFile; fileRef = ED408E5D211080290029C867 /* KeyChordTableViewCell.swift */; };
		ED40D9042110B2C400330403 /* KeyChordBoardViewController.swift in Sources */ = {isa = PBXBuildFile; fileRef = ED40D9032110B2C400330403 /* KeyChordBoardViewController.swift */; };
/* End PBXBuildFile section */

/* Begin PBXFileReference section */
		193E7C092110E44C00456BDE /* KeyboardView.swift */ = {isa = PBXFileReference; indentWidth = 2; lastKnownFileType = sourcecode.swift; path = KeyboardView.swift; sourceTree = "<group>"; tabWidth = 2; };
		D61E9E2220F8ABB0001F5834 /* CircleViewController.swift */ = {isa = PBXFileReference; lastKnownFileType = sourcecode.swift; path = CircleViewController.swift; sourceTree = "<group>"; };
		D61E9E2520F91BCD001F5834 /* Chord.swift */ = {isa = PBXFileReference; lastKnownFileType = sourcecode.swift; path = Chord.swift; sourceTree = "<group>"; };
		D61E9E2820F91EA9001F5834 /* ChordsManager.swift */ = {isa = PBXFileReference; lastKnownFileType = sourcecode.swift; path = ChordsManager.swift; sourceTree = "<group>"; };
		D693D8B720F4952E00AFC5BD /* PanSongs.app */ = {isa = PBXFileReference; explicitFileType = wrapper.application; includeInIndex = 0; path = PanSongs.app; sourceTree = BUILT_PRODUCTS_DIR; };
		D693D8BA20F4952E00AFC5BD /* AppDelegate.swift */ = {isa = PBXFileReference; lastKnownFileType = sourcecode.swift; path = AppDelegate.swift; sourceTree = "<group>"; };
		D693D8BC20F4952E00AFC5BD /* AddSongViewController.swift */ = {isa = PBXFileReference; lastKnownFileType = sourcecode.swift; path = AddSongViewController.swift; sourceTree = "<group>"; };
		D693D8BF20F4952E00AFC5BD /* Base */ = {isa = PBXFileReference; lastKnownFileType = file.storyboard; name = Base; path = Base.lproj/Main.storyboard; sourceTree = "<group>"; };
		D693D8C220F4952E00AFC5BD /* PanSongs.xcdatamodel */ = {isa = PBXFileReference; lastKnownFileType = wrapper.xcdatamodel; path = PanSongs.xcdatamodel; sourceTree = "<group>"; };
		D693D8C420F4952F00AFC5BD /* Assets.xcassets */ = {isa = PBXFileReference; lastKnownFileType = folder.assetcatalog; path = Assets.xcassets; sourceTree = "<group>"; };
		D693D8C720F4952F00AFC5BD /* Base */ = {isa = PBXFileReference; lastKnownFileType = file.storyboard; name = Base; path = Base.lproj/LaunchScreen.storyboard; sourceTree = "<group>"; };
		D693D8C920F4952F00AFC5BD /* Info.plist */ = {isa = PBXFileReference; lastKnownFileType = text.plist.xml; path = Info.plist; sourceTree = "<group>"; };
		ED0773DD210A4035008BEFFE /* ChordCollectionViewCell.swift */ = {isa = PBXFileReference; lastKnownFileType = sourcecode.swift; path = ChordCollectionViewCell.swift; sourceTree = "<group>"; };
		ED408E5D211080290029C867 /* KeyChordTableViewCell.swift */ = {isa = PBXFileReference; lastKnownFileType = sourcecode.swift; path = KeyChordTableViewCell.swift; sourceTree = "<group>"; };
		ED40D9032110B2C400330403 /* KeyChordBoardViewController.swift */ = {isa = PBXFileReference; lastKnownFileType = sourcecode.swift; path = KeyChordBoardViewController.swift; sourceTree = "<group>"; };
/* End PBXFileReference section */

/* Begin PBXFrameworksBuildPhase section */
		D693D8B420F4952E00AFC5BD /* Frameworks */ = {
			isa = PBXFrameworksBuildPhase;
			buildActionMask = 2147483647;
			files = (
			);
			runOnlyForDeploymentPostprocessing = 0;
		};
/* End PBXFrameworksBuildPhase section */

/* Begin PBXGroup section */
		193E7C0B2110E8B200456BDE /* Views */ = {
			isa = PBXGroup;
			children = (
				193E7C092110E44C00456BDE /* KeyboardView.swift */,
			);
			path = Views;
			sourceTree = "<group>";
		};
		D61E9E2420F91BB7001F5834 /* Models */ = {
			isa = PBXGroup;
			children = (
				D61E9E2520F91BCD001F5834 /* Chord.swift */,
			);
			path = Models;
			sourceTree = "<group>";
		};
		D61E9E2720F91CF2001F5834 /* Managers */ = {
			isa = PBXGroup;
			children = (
				D61E9E2820F91EA9001F5834 /* ChordsManager.swift */,
			);
			path = Managers;
			sourceTree = "<group>";
		};
		D693D8AE20F4952E00AFC5BD = {
			isa = PBXGroup;
			children = (
				D693D8B920F4952E00AFC5BD /* PanSongs */,
				D693D8B820F4952E00AFC5BD /* Products */,
			);
			sourceTree = "<group>";
		};
		D693D8B820F4952E00AFC5BD /* Products */ = {
			isa = PBXGroup;
			children = (
				D693D8B720F4952E00AFC5BD /* PanSongs.app */,
			);
			name = Products;
			sourceTree = "<group>";
		};
		D693D8B920F4952E00AFC5BD /* PanSongs */ = {
			isa = PBXGroup;
			children = (
				D693D8BA20F4952E00AFC5BD /* AppDelegate.swift */,
				193E7C0B2110E8B200456BDE /* Views */,
				D693D8CF20F4955D00AFC5BD /* Controllers */,
				D61E9E2720F91CF2001F5834 /* Managers */,
				D61E9E2420F91BB7001F5834 /* Models */,
				ED0773DC210A3FDD008BEFFE /* Cells */,
				D693D8BE20F4952E00AFC5BD /* Main.storyboard */,
				D693D8C420F4952F00AFC5BD /* Assets.xcassets */,
				D693D8C620F4952F00AFC5BD /* LaunchScreen.storyboard */,
				D693D8C920F4952F00AFC5BD /* Info.plist */,
				D693D8C120F4952E00AFC5BD /* PanSongs.xcdatamodeld */,
			);
			path = PanSongs;
			sourceTree = "<group>";
		};
		D693D8CF20F4955D00AFC5BD /* Controllers */ = {
			isa = PBXGroup;
			children = (
				D61E9E2220F8ABB0001F5834 /* CircleViewController.swift */,
				D693D8BC20F4952E00AFC5BD /* AddSongViewController.swift */,
				ED40D9032110B2C400330403 /* KeyChordBoardViewController.swift */,
			);
			path = Controllers;
			sourceTree = "<group>";
		};
		ED0773DC210A3FDD008BEFFE /* Cells */ = {
			isa = PBXGroup;
			children = (
				ED0773DD210A4035008BEFFE /* ChordCollectionViewCell.swift */,
				ED408E5D211080290029C867 /* KeyChordTableViewCell.swift */,
			);
			path = Cells;
			sourceTree = "<group>";
		};
/* End PBXGroup section */

/* Begin PBXNativeTarget section */
		D693D8B620F4952E00AFC5BD /* PanSongs */ = {
			isa = PBXNativeTarget;
			buildConfigurationList = D693D8CC20F4952F00AFC5BD /* Build configuration list for PBXNativeTarget "PanSongs" */;
			buildPhases = (
				D693D8B320F4952E00AFC5BD /* Sources */,
				D693D8B420F4952E00AFC5BD /* Frameworks */,
				D693D8B520F4952E00AFC5BD /* Resources */,
			);
			buildRules = (
			);
			dependencies = (
			);
			name = PanSongs;
			productName = PanSongs;
			productReference = D693D8B720F4952E00AFC5BD /* PanSongs.app */;
			productType = "com.apple.product-type.application";
		};
/* End PBXNativeTarget section */

/* Begin PBXProject section */
		D693D8AF20F4952E00AFC5BD /* Project object */ = {
			isa = PBXProject;
			attributes = {
				LastSwiftUpdateCheck = 0930;
				LastUpgradeCheck = 0930;
				ORGANIZATIONNAME = pangolier;
				TargetAttributes = {
					D693D8B620F4952E00AFC5BD = {
						CreatedOnToolsVersion = 9.3;
					};
				};
			};
			buildConfigurationList = D693D8B220F4952E00AFC5BD /* Build configuration list for PBXProject "PanSongs" */;
			compatibilityVersion = "Xcode 9.3";
			developmentRegion = en;
			hasScannedForEncodings = 0;
			knownRegions = (
				en,
				Base,
			);
			mainGroup = D693D8AE20F4952E00AFC5BD;
			productRefGroup = D693D8B820F4952E00AFC5BD /* Products */;
			projectDirPath = "";
			projectRoot = "";
			targets = (
				D693D8B620F4952E00AFC5BD /* PanSongs */,
			);
		};
/* End PBXProject section */

/* Begin PBXResourcesBuildPhase section */
		D693D8B520F4952E00AFC5BD /* Resources */ = {
			isa = PBXResourcesBuildPhase;
			buildActionMask = 2147483647;
			files = (
				D693D8C820F4952F00AFC5BD /* LaunchScreen.storyboard in Resources */,
				D693D8C520F4952F00AFC5BD /* Assets.xcassets in Resources */,
				D693D8C020F4952E00AFC5BD /* Main.storyboard in Resources */,
			);
			runOnlyForDeploymentPostprocessing = 0;
		};
/* End PBXResourcesBuildPhase section */

/* Begin PBXSourcesBuildPhase section */
		D693D8B320F4952E00AFC5BD /* Sources */ = {
			isa = PBXSourcesBuildPhase;
			buildActionMask = 2147483647;
			files = (
				D61E9E2920F91EA9001F5834 /* ChordsManager.swift in Sources */,
				193E7C0A2110E44C00456BDE /* KeyboardView.swift in Sources */,
				D693D8BD20F4952E00AFC5BD /* AddSongViewController.swift in Sources */,
				ED408E5E211080290029C867 /* KeyChordTableViewCell.swift in Sources */,
				ED40D9042110B2C400330403 /* KeyChordBoardViewController.swift in Sources */,
				D61E9E2620F91BCD001F5834 /* Chord.swift in Sources */,
				ED0773DE210A4035008BEFFE /* ChordCollectionViewCell.swift in Sources */,
				D693D8BB20F4952E00AFC5BD /* AppDelegate.swift in Sources */,
				D61E9E2320F8ABB0001F5834 /* CircleViewController.swift in Sources */,
				D693D8C320F4952E00AFC5BD /* PanSongs.xcdatamodeld in Sources */,
			);
			runOnlyForDeploymentPostprocessing = 0;
		};
/* End PBXSourcesBuildPhase section */

/* Begin PBXVariantGroup section */
		D693D8BE20F4952E00AFC5BD /* Main.storyboard */ = {
			isa = PBXVariantGroup;
			children = (
				D693D8BF20F4952E00AFC5BD /* Base */,
			);
			name = Main.storyboard;
			sourceTree = "<group>";
		};
		D693D8C620F4952F00AFC5BD /* LaunchScreen.storyboard */ = {
			isa = PBXVariantGroup;
			children = (
				D693D8C720F4952F00AFC5BD /* Base */,
			);
			name = LaunchScreen.storyboard;
			sourceTree = "<group>";
		};
/* End PBXVariantGroup section */

/* Begin XCBuildConfiguration section */
		D693D8CA20F4952F00AFC5BD /* Debug */ = {
			isa = XCBuildConfiguration;
			buildSettings = {
				ALWAYS_SEARCH_USER_PATHS = NO;
				CLANG_ANALYZER_NONNULL = YES;
				CLANG_ANALYZER_NUMBER_OBJECT_CONVERSION = YES_AGGRESSIVE;
				CLANG_CXX_LANGUAGE_STANDARD = "gnu++14";
				CLANG_CXX_LIBRARY = "libc++";
				CLANG_ENABLE_MODULES = YES;
				CLANG_ENABLE_OBJC_ARC = YES;
				CLANG_ENABLE_OBJC_WEAK = YES;
				CLANG_WARN_BLOCK_CAPTURE_AUTORELEASING = YES;
				CLANG_WARN_BOOL_CONVERSION = YES;
				CLANG_WARN_COMMA = YES;
				CLANG_WARN_CONSTANT_CONVERSION = YES;
				CLANG_WARN_DEPRECATED_OBJC_IMPLEMENTATIONS = YES;
				CLANG_WARN_DIRECT_OBJC_ISA_USAGE = YES_ERROR;
				CLANG_WARN_DOCUMENTATION_COMMENTS = YES;
				CLANG_WARN_EMPTY_BODY = YES;
				CLANG_WARN_ENUM_CONVERSION = YES;
				CLANG_WARN_INFINITE_RECURSION = YES;
				CLANG_WARN_INT_CONVERSION = YES;
				CLANG_WARN_NON_LITERAL_NULL_CONVERSION = YES;
				CLANG_WARN_OBJC_IMPLICIT_RETAIN_SELF = YES;
				CLANG_WARN_OBJC_LITERAL_CONVERSION = YES;
				CLANG_WARN_OBJC_ROOT_CLASS = YES_ERROR;
				CLANG_WARN_RANGE_LOOP_ANALYSIS = YES;
				CLANG_WARN_STRICT_PROTOTYPES = YES;
				CLANG_WARN_SUSPICIOUS_MOVE = YES;
				CLANG_WARN_UNGUARDED_AVAILABILITY = YES_AGGRESSIVE;
				CLANG_WARN_UNREACHABLE_CODE = YES;
				CLANG_WARN__DUPLICATE_METHOD_MATCH = YES;
				CODE_SIGN_IDENTITY = "iPhone Developer";
				COPY_PHASE_STRIP = NO;
				DEBUG_INFORMATION_FORMAT = dwarf;
				ENABLE_STRICT_OBJC_MSGSEND = YES;
				ENABLE_TESTABILITY = YES;
				GCC_C_LANGUAGE_STANDARD = gnu11;
				GCC_DYNAMIC_NO_PIC = NO;
				GCC_NO_COMMON_BLOCKS = YES;
				GCC_OPTIMIZATION_LEVEL = 0;
				GCC_PREPROCESSOR_DEFINITIONS = (
					"DEBUG=1",
					"$(inherited)",
				);
				GCC_WARN_64_TO_32_BIT_CONVERSION = YES;
				GCC_WARN_ABOUT_RETURN_TYPE = YES_ERROR;
				GCC_WARN_UNDECLARED_SELECTOR = YES;
				GCC_WARN_UNINITIALIZED_AUTOS = YES_AGGRESSIVE;
				GCC_WARN_UNUSED_FUNCTION = YES;
				GCC_WARN_UNUSED_VARIABLE = YES;
				IPHONEOS_DEPLOYMENT_TARGET = 11.3;
				MTL_ENABLE_DEBUG_INFO = YES;
				ONLY_ACTIVE_ARCH = YES;
				SDKROOT = iphoneos;
				SWIFT_ACTIVE_COMPILATION_CONDITIONS = DEBUG;
				SWIFT_OPTIMIZATION_LEVEL = "-Onone";
			};
			name = Debug;
		};
		D693D8CB20F4952F00AFC5BD /* Release */ = {
			isa = XCBuildConfiguration;
			buildSettings = {
				ALWAYS_SEARCH_USER_PATHS = NO;
				CLANG_ANALYZER_NONNULL = YES;
				CLANG_ANALYZER_NUMBER_OBJECT_CONVERSION = YES_AGGRESSIVE;
				CLANG_CXX_LANGUAGE_STANDARD = "gnu++14";
				CLANG_CXX_LIBRARY = "libc++";
				CLANG_ENABLE_MODULES = YES;
				CLANG_ENABLE_OBJC_ARC = YES;
				CLANG_ENABLE_OBJC_WEAK = YES;
				CLANG_WARN_BLOCK_CAPTURE_AUTORELEASING = YES;
				CLANG_WARN_BOOL_CONVERSION = YES;
				CLANG_WARN_COMMA = YES;
				CLANG_WARN_CONSTANT_CONVERSION = YES;
				CLANG_WARN_DEPRECATED_OBJC_IMPLEMENTATIONS = YES;
				CLANG_WARN_DIRECT_OBJC_ISA_USAGE = YES_ERROR;
				CLANG_WARN_DOCUMENTATION_COMMENTS = YES;
				CLANG_WARN_EMPTY_BODY = YES;
				CLANG_WARN_ENUM_CONVERSION = YES;
				CLANG_WARN_INFINITE_RECURSION = YES;
				CLANG_WARN_INT_CONVERSION = YES;
				CLANG_WARN_NON_LITERAL_NULL_CONVERSION = YES;
				CLANG_WARN_OBJC_IMPLICIT_RETAIN_SELF = YES;
				CLANG_WARN_OBJC_LITERAL_CONVERSION = YES;
				CLANG_WARN_OBJC_ROOT_CLASS = YES_ERROR;
				CLANG_WARN_RANGE_LOOP_ANALYSIS = YES;
				CLANG_WARN_STRICT_PROTOTYPES = YES;
				CLANG_WARN_SUSPICIOUS_MOVE = YES;
				CLANG_WARN_UNGUARDED_AVAILABILITY = YES_AGGRESSIVE;
				CLANG_WARN_UNREACHABLE_CODE = YES;
				CLANG_WARN__DUPLICATE_METHOD_MATCH = YES;
				CODE_SIGN_IDENTITY = "iPhone Developer";
				COPY_PHASE_STRIP = NO;
				DEBUG_INFORMATION_FORMAT = "dwarf-with-dsym";
				ENABLE_NS_ASSERTIONS = NO;
				ENABLE_STRICT_OBJC_MSGSEND = YES;
				GCC_C_LANGUAGE_STANDARD = gnu11;
				GCC_NO_COMMON_BLOCKS = YES;
				GCC_WARN_64_TO_32_BIT_CONVERSION = YES;
				GCC_WARN_ABOUT_RETURN_TYPE = YES_ERROR;
				GCC_WARN_UNDECLARED_SELECTOR = YES;
				GCC_WARN_UNINITIALIZED_AUTOS = YES_AGGRESSIVE;
				GCC_WARN_UNUSED_FUNCTION = YES;
				GCC_WARN_UNUSED_VARIABLE = YES;
				IPHONEOS_DEPLOYMENT_TARGET = 11.3;
				MTL_ENABLE_DEBUG_INFO = NO;
				SDKROOT = iphoneos;
				SWIFT_COMPILATION_MODE = wholemodule;
				SWIFT_OPTIMIZATION_LEVEL = "-O";
				VALIDATE_PRODUCT = YES;
			};
			name = Release;
		};
		D693D8CD20F4952F00AFC5BD /* Debug */ = {
			isa = XCBuildConfiguration;
			buildSettings = {
				ASSETCATALOG_COMPILER_APPICON_NAME = AppIcon;
				CODE_SIGN_STYLE = Automatic;
				DEVELOPMENT_TEAM = 8XKG9LNKYV;
				INFOPLIST_FILE = PanSongs/Info.plist;
				IPHONEOS_DEPLOYMENT_TARGET = 10.3;
				LD_RUNPATH_SEARCH_PATHS = (
					"$(inherited)",
					"@executable_path/Frameworks",
				);
				PRODUCT_BUNDLE_IDENTIFIER = com.pangolier.PanSongs;
				PRODUCT_NAME = "$(TARGET_NAME)";
				SWIFT_VERSION = 4.0;
				TARGETED_DEVICE_FAMILY = "1,2";
			};
			name = Debug;
		};
		D693D8CE20F4952F00AFC5BD /* Release */ = {
			isa = XCBuildConfiguration;
			buildSettings = {
				ASSETCATALOG_COMPILER_APPICON_NAME = AppIcon;
				CODE_SIGN_STYLE = Automatic;
				DEVELOPMENT_TEAM = 8XKG9LNKYV;
				INFOPLIST_FILE = PanSongs/Info.plist;
				IPHONEOS_DEPLOYMENT_TARGET = 10.3;
				LD_RUNPATH_SEARCH_PATHS = (
					"$(inherited)",
					"@executable_path/Frameworks",
				);
				PRODUCT_BUNDLE_IDENTIFIER = com.pangolier.PanSongs;
				PRODUCT_NAME = "$(TARGET_NAME)";
				SWIFT_VERSION = 4.0;
				TARGETED_DEVICE_FAMILY = "1,2";
			};
			name = Release;
		};
/* End XCBuildConfiguration section */

/* Begin XCConfigurationList section */
		D693D8B220F4952E00AFC5BD /* Build configuration list for PBXProject "PanSongs" */ = {
			isa = XCConfigurationList;
			buildConfigurations = (
				D693D8CA20F4952F00AFC5BD /* Debug */,
				D693D8CB20F4952F00AFC5BD /* Release */,
			);
			defaultConfigurationIsVisible = 0;
			defaultConfigurationName = Release;
		};
		D693D8CC20F4952F00AFC5BD /* Build configuration list for PBXNativeTarget "PanSongs" */ = {
			isa = XCConfigurationList;
			buildConfigurations = (
				D693D8CD20F4952F00AFC5BD /* Debug */,
				D693D8CE20F4952F00AFC5BD /* Release */,
			);
			defaultConfigurationIsVisible = 0;
			defaultConfigurationName = Release;
		};
/* End XCConfigurationList section */

/* Begin XCVersionGroup section */
		D693D8C120F4952E00AFC5BD /* PanSongs.xcdatamodeld */ = {
			isa = XCVersionGroup;
			children = (
				D693D8C220F4952E00AFC5BD /* PanSongs.xcdatamodel */,
			);
			currentVersion = D693D8C220F4952E00AFC5BD /* PanSongs.xcdatamodel */;
			path = PanSongs.xcdatamodeld;
			sourceTree = "<group>";
			versionGroupType = wrapper.xcdatamodel;
		};
/* End XCVersionGroup section */
	};
	rootObject = D693D8AF20F4952E00AFC5BD /* Project object */;
}
